
Microsoft Visual Studio Solution File, Format Version 12.00
# Visual Studio Version 17
VisualStudioVersion = 17.5.33424.131
MinimumVisualStudioVersion = 10.0.40219.1
Project("{9A19103F-16F7-4668-BE54-9A1E7A4F7556}") = "Ziggio.CsvHelper", "Ziggio.CsvHelper\Ziggio.CsvHelper.csproj", "{F4DFC5BD-83C1-42C2-AF64-E37E864FA35A}"
EndProject
Project("{9A19103F-16F7-4668-BE54-9A1E7A4F7556}") = "Ziggio.CsvHelper.UnitTests", "Ziggio.CsvHelper.UnitTests\Ziggio.CsvHelper.UnitTests.csproj", "{2557C635-8134-4BB6-B863-FCDBEA7294CD}"
EndProject
Global
	GlobalSection(SolutionConfigurationPlatforms) = preSolution
		Debug|Any CPU = Debug|Any CPU
		Release|Any CPU = Release|Any CPU
	EndGlobalSection
	GlobalSection(ProjectConfigurationPlatforms) = postSolution
		{F4DFC5BD-83C1-42C2-AF64-E37E864FA35A}.Debug|Any CPU.ActiveCfg = Debug|Any CPU
		{F4DFC5BD-83C1-42C2-AF64-E37E864FA35A}.Debug|Any CPU.Build.0 = Debug|Any CPU
		{F4DFC5BD-83C1-42C2-AF64-E37E864FA35A}.Release|Any CPU.ActiveCfg = Release|Any CPU
		{F4DFC5BD-83C1-42C2-AF64-E37E864FA35A}.Release|Any CPU.Build.0 = Release|Any CPU
		{2557C635-8134-4BB6-B863-FCDBEA7294CD}.Debug|Any CPU.ActiveCfg = Debug|Any CPU
		{2557C635-8134-4BB6-B863-FCDBEA7294CD}.Debug|Any CPU.Build.0 = Debug|Any CPU
		{2557C635-8134-4BB6-B863-FCDBEA7294CD}.Release|Any CPU.ActiveCfg = Release|Any CPU
		{2557C635-8134-4BB6-B863-FCDBEA7294CD}.Release|Any CPU.Build.0 = Release|Any CPU
	EndGlobalSection
	GlobalSection(SolutionProperties) = preSolution
		HideSolutionNode = FALSE
	EndGlobalSection
	GlobalSection(ExtensibilityGlobals) = postSolution
		SolutionGuid = {B0595F61-1881-4AAB-A96C-0BFD0270D000}
	EndGlobalSection
EndGlobal
